
Microsoft Visual Studio Solution File, Format Version 12.00
Project("{FAE04EC0-301F-11D3-BF4B-00C04F79EFBC}") = "Cloud24_25", "Cloud24_25\Cloud24_25.csproj", "{59529155-8DF2-426C-BE82-75F749850011}"
EndProject
Global
	GlobalSection(SolutionConfigurationPlatforms) = preSolution
		Debug|Any CPU = Debug|Any CPU
		Release|Any CPU = Release|Any CPU
	EndGlobalSection
	GlobalSection(ProjectConfigurationPlatforms) = postSolution
		{59529155-8DF2-426C-BE82-75F749850011}.Debug|Any CPU.ActiveCfg = Debug|Any CPU
		{59529155-8DF2-426C-BE82-75F749850011}.Debug|Any CPU.Build.0 = Debug|Any CPU
		{59529155-8DF2-426C-BE82-75F749850011}.Release|Any CPU.ActiveCfg = Release|Any CPU
		{59529155-8DF2-426C-BE82-75F749850011}.Release|Any CPU.Build.0 = Release|Any CPU
	EndGlobalSection
EndGlobal
